
Microsoft Visual Studio Solution File, Format Version 12.00
# Visual Studio 15
VisualStudioVersion = 15.0.27428.2002
MinimumVisualStudioVersion = 10.0.40219.1
Project("{8BC9CEB8-8B4A-11D0-8D11-00A0C91BC942}") = "SubCipher", "CipherCreator\CipherCreator.vcxproj", "{68F7F294-36A6-4662-9777-7A8E6F5CD1B2}"
EndProject
Project("{FAE04EC0-301F-11D3-BF4B-00C04F79EFBC}") = "CipherBreakerUWP", "CipherBreakerUWP\CipherBreakerUWP.csproj", "{EE3104AC-6E58-4C9D-930A-88A3311F6B6E}"
EndProject
Global
	GlobalSection(SolutionConfigurationPlatforms) = preSolution
		Debug|ARM = Debug|ARM
		Debug|x64 = Debug|x64
		Debug|x86 = Debug|x86
		Release|ARM = Release|ARM
		Release|x64 = Release|x64
		Release|x86 = Release|x86
	EndGlobalSection
	GlobalSection(ProjectConfigurationPlatforms) = postSolution
		{68F7F294-36A6-4662-9777-7A8E6F5CD1B2}.Debug|ARM.ActiveCfg = Debug|Win32
		{68F7F294-36A6-4662-9777-7A8E6F5CD1B2}.Debug|x64.ActiveCfg = Debug|x64
		{68F7F294-36A6-4662-9777-7A8E6F5CD1B2}.Debug|x64.Build.0 = Debug|x64
		{68F7F294-36A6-4662-9777-7A8E6F5CD1B2}.Debug|x86.ActiveCfg = Debug|Win32
		{68F7F294-36A6-4662-9777-7A8E6F5CD1B2}.Debug|x86.Build.0 = Debug|Win32
		{68F7F294-36A6-4662-9777-7A8E6F5CD1B2}.Release|ARM.ActiveCfg = Release|Win32
		{68F7F294-36A6-4662-9777-7A8E6F5CD1B2}.Release|x64.ActiveCfg = Release|x64
		{68F7F294-36A6-4662-9777-7A8E6F5CD1B2}.Release|x64.Build.0 = Release|x64
		{68F7F294-36A6-4662-9777-7A8E6F5CD1B2}.Release|x86.ActiveCfg = Release|Win32
		{68F7F294-36A6-4662-9777-7A8E6F5CD1B2}.Release|x86.Build.0 = Release|Win32
		{EE3104AC-6E58-4C9D-930A-88A3311F6B6E}.Debug|ARM.ActiveCfg = Debug|ARM
		{EE3104AC-6E58-4C9D-930A-88A3311F6B6E}.Debug|ARM.Build.0 = Debug|ARM
		{EE3104AC-6E58-4C9D-930A-88A3311F6B6E}.Debug|ARM.Deploy.0 = Debug|ARM
		{EE3104AC-6E58-4C9D-930A-88A3311F6B6E}.Debug|x64.ActiveCfg = Debug|x64
		{EE3104AC-6E58-4C9D-930A-88A3311F6B6E}.Debug|x64.Build.0 = Debug|x64
		{EE3104AC-6E58-4C9D-930A-88A3311F6B6E}.Debug|x64.Deploy.0 = Debug|x64
		{EE3104AC-6E58-4C9D-930A-88A3311F6B6E}.Debug|x86.ActiveCfg = Debug|x86
		{EE3104AC-6E58-4C9D-930A-88A3311F6B6E}.Debug|x86.Build.0 = Debug|x86
		{EE3104AC-6E58-4C9D-930A-88A3311F6B6E}.Debug|x86.Deploy.0 = Debug|x86
		{EE3104AC-6E58-4C9D-930A-88A3311F6B6E}.Release|ARM.ActiveCfg = Release|ARM
		{EE3104AC-6E58-4C9D-930A-88A3311F6B6E}.Release|ARM.Build.0 = Release|ARM
		{EE3104AC-6E58-4C9D-930A-88A3311F6B6E}.Release|ARM.Deploy.0 = Release|ARM
		{EE3104AC-6E58-4C9D-930A-88A3311F6B6E}.Release|x64.ActiveCfg = Release|x64
		{EE3104AC-6E58-4C9D-930A-88A3311F6B6E}.Release|x64.Build.0 = Release|x64
		{EE3104AC-6E58-4C9D-930A-88A3311F6B6E}.Release|x64.Deploy.0 = Release|x64
		{EE3104AC-6E58-4C9D-930A-88A3311F6B6E}.Release|x86.ActiveCfg = Release|x86
		{EE3104AC-6E58-4C9D-930A-88A3311F6B6E}.Release|x86.Build.0 = Release|x86
		{EE3104AC-6E58-4C9D-930A-88A3311F6B6E}.Release|x86.Deploy.0 = Release|x86
	EndGlobalSection
	GlobalSection(SolutionProperties) = preSolution
		HideSolutionNode = FALSE
	EndGlobalSection
	GlobalSection(ExtensibilityGlobals) = postSolution
		SolutionGuid = {E8D5B327-6C47-46E3-951A-EA16125F2F45}
	EndGlobalSection
EndGlobal
