
Microsoft Visual Studio Solution File, Format Version 12.00
# Visual Studio 15
VisualStudioVersion = 15.0.27428.2002
MinimumVisualStudioVersion = 10.0.40219.1
Project("{FAE04EC0-301F-11D3-BF4B-00C04F79EFBC}") = "CipherBreakerUWP", "CipherBreakerUWP\CipherBreakerUWP.csproj", "{EE3104AC-6E58-4C9D-930A-88A3311F6B6E}"
EndProject
Project("{9A19103F-16F7-4668-BE54-9A1E7A4F7556}") = "CipherMaker", "CipherMaker\CipherMaker.csproj", "{3BE6B3C6-4099-42D9-8B48-83B44F7223CA}"
EndProject
Project("{9A19103F-16F7-4668-BE54-9A1E7A4F7556}") = "CipherUtility", "CipherUtility\CipherUtility.csproj", "{B7A51BDC-A70D-4AD4-8977-35AB5AE2FA86}"
EndProject
Project("{FAE04EC0-301F-11D3-BF4B-00C04F79EFBC}") = "CipherTrainingData", "CipherTrainingData\CipherTrainingData.csproj", "{BFFD8974-386F-45F9-B3C3-B52220E8BE3B}"
EndProject
Project("{FAE04EC0-301F-11D3-BF4B-00C04F79EFBC}") = "CipherSolver", "CipherSolver\CipherSolver.csproj", "{6A5AAEF6-7FAC-4D84-B378-CF79404BB900}"
EndProject
Global
	GlobalSection(SolutionConfigurationPlatforms) = preSolution
		Debug|Any CPU = Debug|Any CPU
		Debug|ARM = Debug|ARM
		Debug|x64 = Debug|x64
		Debug|x86 = Debug|x86
		Release|Any CPU = Release|Any CPU
		Release|ARM = Release|ARM
		Release|x64 = Release|x64
		Release|x86 = Release|x86
	EndGlobalSection
	GlobalSection(ProjectConfigurationPlatforms) = postSolution
		{EE3104AC-6E58-4C9D-930A-88A3311F6B6E}.Debug|Any CPU.ActiveCfg = Debug|x86
		{EE3104AC-6E58-4C9D-930A-88A3311F6B6E}.Debug|ARM.ActiveCfg = Debug|ARM
		{EE3104AC-6E58-4C9D-930A-88A3311F6B6E}.Debug|ARM.Build.0 = Debug|ARM
		{EE3104AC-6E58-4C9D-930A-88A3311F6B6E}.Debug|ARM.Deploy.0 = Debug|ARM
		{EE3104AC-6E58-4C9D-930A-88A3311F6B6E}.Debug|x64.ActiveCfg = Debug|x64
		{EE3104AC-6E58-4C9D-930A-88A3311F6B6E}.Debug|x64.Build.0 = Debug|x64
		{EE3104AC-6E58-4C9D-930A-88A3311F6B6E}.Debug|x64.Deploy.0 = Debug|x64
		{EE3104AC-6E58-4C9D-930A-88A3311F6B6E}.Debug|x86.ActiveCfg = Debug|x86
		{EE3104AC-6E58-4C9D-930A-88A3311F6B6E}.Debug|x86.Build.0 = Debug|x86
		{EE3104AC-6E58-4C9D-930A-88A3311F6B6E}.Debug|x86.Deploy.0 = Debug|x86
		{EE3104AC-6E58-4C9D-930A-88A3311F6B6E}.Release|Any CPU.ActiveCfg = Release|x86
		{EE3104AC-6E58-4C9D-930A-88A3311F6B6E}.Release|ARM.ActiveCfg = Release|ARM
		{EE3104AC-6E58-4C9D-930A-88A3311F6B6E}.Release|ARM.Build.0 = Release|ARM
		{EE3104AC-6E58-4C9D-930A-88A3311F6B6E}.Release|ARM.Deploy.0 = Release|ARM
		{EE3104AC-6E58-4C9D-930A-88A3311F6B6E}.Release|x64.ActiveCfg = Release|x64
		{EE3104AC-6E58-4C9D-930A-88A3311F6B6E}.Release|x64.Build.0 = Release|x64
		{EE3104AC-6E58-4C9D-930A-88A3311F6B6E}.Release|x64.Deploy.0 = Release|x64
		{EE3104AC-6E58-4C9D-930A-88A3311F6B6E}.Release|x86.ActiveCfg = Release|x86
		{EE3104AC-6E58-4C9D-930A-88A3311F6B6E}.Release|x86.Build.0 = Release|x86
		{EE3104AC-6E58-4C9D-930A-88A3311F6B6E}.Release|x86.Deploy.0 = Release|x86
		{3BE6B3C6-4099-42D9-8B48-83B44F7223CA}.Debug|Any CPU.ActiveCfg = Debug|Any CPU
		{3BE6B3C6-4099-42D9-8B48-83B44F7223CA}.Debug|Any CPU.Build.0 = Debug|Any CPU
		{3BE6B3C6-4099-42D9-8B48-83B44F7223CA}.Debug|ARM.ActiveCfg = Debug|Any CPU
		{3BE6B3C6-4099-42D9-8B48-83B44F7223CA}.Debug|ARM.Build.0 = Debug|Any CPU
		{3BE6B3C6-4099-42D9-8B48-83B44F7223CA}.Debug|x64.ActiveCfg = Debug|Any CPU
		{3BE6B3C6-4099-42D9-8B48-83B44F7223CA}.Debug|x64.Build.0 = Debug|Any CPU
		{3BE6B3C6-4099-42D9-8B48-83B44F7223CA}.Debug|x86.ActiveCfg = Debug|Any CPU
		{3BE6B3C6-4099-42D9-8B48-83B44F7223CA}.Debug|x86.Build.0 = Debug|Any CPU
		{3BE6B3C6-4099-42D9-8B48-83B44F7223CA}.Release|Any CPU.ActiveCfg = Release|Any CPU
		{3BE6B3C6-4099-42D9-8B48-83B44F7223CA}.Release|Any CPU.Build.0 = Release|Any CPU
		{3BE6B3C6-4099-42D9-8B48-83B44F7223CA}.Release|ARM.ActiveCfg = Release|Any CPU
		{3BE6B3C6-4099-42D9-8B48-83B44F7223CA}.Release|ARM.Build.0 = Release|Any CPU
		{3BE6B3C6-4099-42D9-8B48-83B44F7223CA}.Release|x64.ActiveCfg = Release|Any CPU
		{3BE6B3C6-4099-42D9-8B48-83B44F7223CA}.Release|x64.Build.0 = Release|Any CPU
		{3BE6B3C6-4099-42D9-8B48-83B44F7223CA}.Release|x86.ActiveCfg = Release|Any CPU
		{3BE6B3C6-4099-42D9-8B48-83B44F7223CA}.Release|x86.Build.0 = Release|Any CPU
		{B7A51BDC-A70D-4AD4-8977-35AB5AE2FA86}.Debug|Any CPU.ActiveCfg = Debug|Any CPU
		{B7A51BDC-A70D-4AD4-8977-35AB5AE2FA86}.Debug|Any CPU.Build.0 = Debug|Any CPU
		{B7A51BDC-A70D-4AD4-8977-35AB5AE2FA86}.Debug|ARM.ActiveCfg = Debug|Any CPU
		{B7A51BDC-A70D-4AD4-8977-35AB5AE2FA86}.Debug|ARM.Build.0 = Debug|Any CPU
		{B7A51BDC-A70D-4AD4-8977-35AB5AE2FA86}.Debug|x64.ActiveCfg = Debug|Any CPU
		{B7A51BDC-A70D-4AD4-8977-35AB5AE2FA86}.Debug|x64.Build.0 = Debug|Any CPU
		{B7A51BDC-A70D-4AD4-8977-35AB5AE2FA86}.Debug|x86.ActiveCfg = Debug|Any CPU
		{B7A51BDC-A70D-4AD4-8977-35AB5AE2FA86}.Debug|x86.Build.0 = Debug|Any CPU
		{B7A51BDC-A70D-4AD4-8977-35AB5AE2FA86}.Release|Any CPU.ActiveCfg = Release|Any CPU
		{B7A51BDC-A70D-4AD4-8977-35AB5AE2FA86}.Release|Any CPU.Build.0 = Release|Any CPU
		{B7A51BDC-A70D-4AD4-8977-35AB5AE2FA86}.Release|ARM.ActiveCfg = Release|Any CPU
		{B7A51BDC-A70D-4AD4-8977-35AB5AE2FA86}.Release|ARM.Build.0 = Release|Any CPU
		{B7A51BDC-A70D-4AD4-8977-35AB5AE2FA86}.Release|x64.ActiveCfg = Release|Any CPU
		{B7A51BDC-A70D-4AD4-8977-35AB5AE2FA86}.Release|x64.Build.0 = Release|Any CPU
		{B7A51BDC-A70D-4AD4-8977-35AB5AE2FA86}.Release|x86.ActiveCfg = Release|Any CPU
		{B7A51BDC-A70D-4AD4-8977-35AB5AE2FA86}.Release|x86.Build.0 = Release|Any CPU
		{BFFD8974-386F-45F9-B3C3-B52220E8BE3B}.Debug|Any CPU.ActiveCfg = Debug|Any CPU
		{BFFD8974-386F-45F9-B3C3-B52220E8BE3B}.Debug|Any CPU.Build.0 = Debug|Any CPU
		{BFFD8974-386F-45F9-B3C3-B52220E8BE3B}.Debug|ARM.ActiveCfg = Debug|Any CPU
		{BFFD8974-386F-45F9-B3C3-B52220E8BE3B}.Debug|ARM.Build.0 = Debug|Any CPU
		{BFFD8974-386F-45F9-B3C3-B52220E8BE3B}.Debug|x64.ActiveCfg = Debug|Any CPU
		{BFFD8974-386F-45F9-B3C3-B52220E8BE3B}.Debug|x64.Build.0 = Debug|Any CPU
		{BFFD8974-386F-45F9-B3C3-B52220E8BE3B}.Debug|x86.ActiveCfg = Debug|Any CPU
		{BFFD8974-386F-45F9-B3C3-B52220E8BE3B}.Debug|x86.Build.0 = Debug|Any CPU
		{BFFD8974-386F-45F9-B3C3-B52220E8BE3B}.Release|Any CPU.ActiveCfg = Release|Any CPU
		{BFFD8974-386F-45F9-B3C3-B52220E8BE3B}.Release|Any CPU.Build.0 = Release|Any CPU
		{BFFD8974-386F-45F9-B3C3-B52220E8BE3B}.Release|ARM.ActiveCfg = Release|Any CPU
		{BFFD8974-386F-45F9-B3C3-B52220E8BE3B}.Release|ARM.Build.0 = Release|Any CPU
		{BFFD8974-386F-45F9-B3C3-B52220E8BE3B}.Release|x64.ActiveCfg = Release|Any CPU
		{BFFD8974-386F-45F9-B3C3-B52220E8BE3B}.Release|x64.Build.0 = Release|Any CPU
		{BFFD8974-386F-45F9-B3C3-B52220E8BE3B}.Release|x86.ActiveCfg = Release|Any CPU
		{BFFD8974-386F-45F9-B3C3-B52220E8BE3B}.Release|x86.Build.0 = Release|Any CPU
		{6A5AAEF6-7FAC-4D84-B378-CF79404BB900}.Debug|Any CPU.ActiveCfg = Debug|Any CPU
		{6A5AAEF6-7FAC-4D84-B378-CF79404BB900}.Debug|Any CPU.Build.0 = Debug|Any CPU
		{6A5AAEF6-7FAC-4D84-B378-CF79404BB900}.Debug|ARM.ActiveCfg = Debug|Any CPU
		{6A5AAEF6-7FAC-4D84-B378-CF79404BB900}.Debug|ARM.Build.0 = Debug|Any CPU
		{6A5AAEF6-7FAC-4D84-B378-CF79404BB900}.Debug|x64.ActiveCfg = Debug|Any CPU
		{6A5AAEF6-7FAC-4D84-B378-CF79404BB900}.Debug|x64.Build.0 = Debug|Any CPU
		{6A5AAEF6-7FAC-4D84-B378-CF79404BB900}.Debug|x86.ActiveCfg = Debug|Any CPU
		{6A5AAEF6-7FAC-4D84-B378-CF79404BB900}.Debug|x86.Build.0 = Debug|Any CPU
		{6A5AAEF6-7FAC-4D84-B378-CF79404BB900}.Release|Any CPU.ActiveCfg = Release|Any CPU
		{6A5AAEF6-7FAC-4D84-B378-CF79404BB900}.Release|Any CPU.Build.0 = Release|Any CPU
		{6A5AAEF6-7FAC-4D84-B378-CF79404BB900}.Release|ARM.ActiveCfg = Release|Any CPU
		{6A5AAEF6-7FAC-4D84-B378-CF79404BB900}.Release|ARM.Build.0 = Release|Any CPU
		{6A5AAEF6-7FAC-4D84-B378-CF79404BB900}.Release|x64.ActiveCfg = Release|Any CPU
		{6A5AAEF6-7FAC-4D84-B378-CF79404BB900}.Release|x64.Build.0 = Release|Any CPU
		{6A5AAEF6-7FAC-4D84-B378-CF79404BB900}.Release|x86.ActiveCfg = Release|Any CPU
		{6A5AAEF6-7FAC-4D84-B378-CF79404BB900}.Release|x86.Build.0 = Release|Any CPU
	EndGlobalSection
	GlobalSection(SolutionProperties) = preSolution
		HideSolutionNode = FALSE
	EndGlobalSection
	GlobalSection(ExtensibilityGlobals) = postSolution
		SolutionGuid = {E8D5B327-6C47-46E3-951A-EA16125F2F45}
	EndGlobalSection
EndGlobal
